
Microsoft Visual Studio Solution File, Format Version 12.00
# Visual Studio Version 17
VisualStudioVersion = 17.3.32929.385
MinimumVisualStudioVersion = 10.0.40219.1
Project("{FAE04EC0-301F-11D3-BF4B-00C04F79EFBC}") = "SRC", "SRC\SRC.csproj", "{1B76067D-E3C4-4B9E-8087-12B40B5C22FB}"
EndProject
Global
	GlobalSection(SolutionConfigurationPlatforms) = preSolution
		Debug|Any CPU = Debug|Any CPU
		Release|Any CPU = Release|Any CPU
	EndGlobalSection
	GlobalSection(ProjectConfigurationPlatforms) = postSolution
		{1B76067D-E3C4-4B9E-8087-12B40B5C22FB}.Debug|Any CPU.ActiveCfg = Debug|Any CPU
		{1B76067D-E3C4-4B9E-8087-12B40B5C22FB}.Debug|Any CPU.Build.0 = Debug|Any CPU
		{1B76067D-E3C4-4B9E-8087-12B40B5C22FB}.Release|Any CPU.ActiveCfg = Release|Any CPU
		{1B76067D-E3C4-4B9E-8087-12B40B5C22FB}.Release|Any CPU.Build.0 = Release|Any CPU
	EndGlobalSection
	GlobalSection(SolutionProperties) = preSolution
		HideSolutionNode = FALSE
	EndGlobalSection
	GlobalSection(ExtensibilityGlobals) = postSolution
		SolutionGuid = {EF827509-8691-4B77-B8B6-F86E239CC99D}
	EndGlobalSection
EndGlobal
